
Microsoft Visual Studio Solution File, Format Version 12.00
# Visual Studio Version 17
VisualStudioVersion = 17.4.33829.165
MinimumVisualStudioVersion = 10.0.40219.1
Project("{8BC9CEB8-8B4A-11D0-8D11-00A0C91BC942}") = "a10158", "a10158\a10158.vcxproj", "{BE1C5A9F-F4DB-486C-BFE2-F550C2E82237}"
EndProject
Project("{8BC9CEB8-8B4A-11D0-8D11-00A0C91BC942}") = "a1092", "a1092\a1092.vcxproj", "{3321331E-4A26-4C87-BCEA-95D7D885B7D8}"
EndProject
Project("{8BC9CEB8-8B4A-11D0-8D11-00A0C91BC942}") = "a1000", "a1000\a1000.vcxproj", "{D1FF5ED9-5B69-422A-AF44-C251417CD30A}"
EndProject
Project("{8BC9CEB8-8B4A-11D0-8D11-00A0C91BC942}") = "a1001", "a1001\a1001.vcxproj", "{5E1624D4-A001-4783-A8E5-ACC34A7FCF6D}"
EndProject
Project("{8BC9CEB8-8B4A-11D0-8D11-00A0C91BC942}") = "a1002", "a1002\a1002.vcxproj", "{5816A27A-567C-492B-B553-4CD49A81987F}"
EndProject
Global
	GlobalSection(SolutionConfigurationPlatforms) = preSolution
		Debug|x64 = Debug|x64
		Debug|x86 = Debug|x86
		Release|x64 = Release|x64
		Release|x86 = Release|x86
	EndGlobalSection
	GlobalSection(ProjectConfigurationPlatforms) = postSolution
		{BE1C5A9F-F4DB-486C-BFE2-F550C2E82237}.Debug|x64.ActiveCfg = Debug|x64
		{BE1C5A9F-F4DB-486C-BFE2-F550C2E82237}.Debug|x64.Build.0 = Debug|x64
		{BE1C5A9F-F4DB-486C-BFE2-F550C2E82237}.Debug|x86.ActiveCfg = Debug|Win32
		{BE1C5A9F-F4DB-486C-BFE2-F550C2E82237}.Debug|x86.Build.0 = Debug|Win32
		{BE1C5A9F-F4DB-486C-BFE2-F550C2E82237}.Release|x64.ActiveCfg = Release|x64
		{BE1C5A9F-F4DB-486C-BFE2-F550C2E82237}.Release|x64.Build.0 = Release|x64
		{BE1C5A9F-F4DB-486C-BFE2-F550C2E82237}.Release|x86.ActiveCfg = Release|Win32
		{BE1C5A9F-F4DB-486C-BFE2-F550C2E82237}.Release|x86.Build.0 = Release|Win32
		{3321331E-4A26-4C87-BCEA-95D7D885B7D8}.Debug|x64.ActiveCfg = Debug|x64
		{3321331E-4A26-4C87-BCEA-95D7D885B7D8}.Debug|x64.Build.0 = Debug|x64
		{3321331E-4A26-4C87-BCEA-95D7D885B7D8}.Debug|x86.ActiveCfg = Debug|Win32
		{3321331E-4A26-4C87-BCEA-95D7D885B7D8}.Debug|x86.Build.0 = Debug|Win32
		{3321331E-4A26-4C87-BCEA-95D7D885B7D8}.Release|x64.ActiveCfg = Release|x64
		{3321331E-4A26-4C87-BCEA-95D7D885B7D8}.Release|x64.Build.0 = Release|x64
		{3321331E-4A26-4C87-BCEA-95D7D885B7D8}.Release|x86.ActiveCfg = Release|Win32
		{3321331E-4A26-4C87-BCEA-95D7D885B7D8}.Release|x86.Build.0 = Release|Win32
		{D1FF5ED9-5B69-422A-AF44-C251417CD30A}.Debug|x64.ActiveCfg = Debug|x64
		{D1FF5ED9-5B69-422A-AF44-C251417CD30A}.Debug|x64.Build.0 = Debug|x64
		{D1FF5ED9-5B69-422A-AF44-C251417CD30A}.Debug|x86.ActiveCfg = Debug|Win32
		{D1FF5ED9-5B69-422A-AF44-C251417CD30A}.Debug|x86.Build.0 = Debug|Win32
		{D1FF5ED9-5B69-422A-AF44-C251417CD30A}.Release|x64.ActiveCfg = Release|x64
		{D1FF5ED9-5B69-422A-AF44-C251417CD30A}.Release|x64.Build.0 = Release|x64
		{D1FF5ED9-5B69-422A-AF44-C251417CD30A}.Release|x86.ActiveCfg = Release|Win32
		{D1FF5ED9-5B69-422A-AF44-C251417CD30A}.Release|x86.Build.0 = Release|Win32
		{5E1624D4-A001-4783-A8E5-ACC34A7FCF6D}.Debug|x64.ActiveCfg = Debug|x64
		{5E1624D4-A001-4783-A8E5-ACC34A7FCF6D}.Debug|x64.Build.0 = Debug|x64
		{5E1624D4-A001-4783-A8E5-ACC34A7FCF6D}.Debug|x86.ActiveCfg = Debug|Win32
		{5E1624D4-A001-4783-A8E5-ACC34A7FCF6D}.Debug|x86.Build.0 = Debug|Win32
		{5E1624D4-A001-4783-A8E5-ACC34A7FCF6D}.Release|x64.ActiveCfg = Release|x64
		{5E1624D4-A001-4783-A8E5-ACC34A7FCF6D}.Release|x64.Build.0 = Release|x64
		{5E1624D4-A001-4783-A8E5-ACC34A7FCF6D}.Release|x86.ActiveCfg = Release|Win32
		{5E1624D4-A001-4783-A8E5-ACC34A7FCF6D}.Release|x86.Build.0 = Release|Win32
		{5816A27A-567C-492B-B553-4CD49A81987F}.Debug|x64.ActiveCfg = Debug|x64
		{5816A27A-567C-492B-B553-4CD49A81987F}.Debug|x64.Build.0 = Debug|x64
		{5816A27A-567C-492B-B553-4CD49A81987F}.Debug|x86.ActiveCfg = Debug|Win32
		{5816A27A-567C-492B-B553-4CD49A81987F}.Debug|x86.Build.0 = Debug|Win32
		{5816A27A-567C-492B-B553-4CD49A81987F}.Release|x64.ActiveCfg = Release|x64
		{5816A27A-567C-492B-B553-4CD49A81987F}.Release|x64.Build.0 = Release|x64
		{5816A27A-567C-492B-B553-4CD49A81987F}.Release|x86.ActiveCfg = Release|Win32
		{5816A27A-567C-492B-B553-4CD49A81987F}.Release|x86.Build.0 = Release|Win32
	EndGlobalSection
	GlobalSection(SolutionProperties) = preSolution
		HideSolutionNode = FALSE
	EndGlobalSection
	GlobalSection(ExtensibilityGlobals) = postSolution
		SolutionGuid = {3CF8E7B0-B7B2-4CF2-9FC6-E4650E8CEC67}
	EndGlobalSection
EndGlobal
